// !$*UTF8*$!
{
	archiveVersion = 1;
	classes = {
	};
	objectVersion = 55;
	objects = {

/* Begin PBXBuildFile section */
		600B7205287F2B02000FA7E7 /* LandmarksApp.swift in Sources */ = {isa = PBXBuildFile; fileRef = 600B7204287F2B02000FA7E7 /* LandmarksApp.swift */; };
		600B7207287F2B02000FA7E7 /* ContentView.swift in Sources */ = {isa = PBXBuildFile; fileRef = 600B7206287F2B02000FA7E7 /* ContentView.swift */; };
		600B7209287F2B03000FA7E7 /* Assets.xcassets in Resources */ = {isa = PBXBuildFile; fileRef = 600B7208287F2B03000FA7E7 /* Assets.xcassets */; };
		600B720C287F2B03000FA7E7 /* Preview Assets.xcassets in Resources */ = {isa = PBXBuildFile; fileRef = 600B720B287F2B03000FA7E7 /* Preview Assets.xcassets */; };
		600B7213287F317D000FA7E7 /* CircleImage.swift in Sources */ = {isa = PBXBuildFile; fileRef = 600B7212287F317D000FA7E7 /* CircleImage.swift */; };
		600B7215287F328F000FA7E7 /* MapView.swift in Sources */ = {isa = PBXBuildFile; fileRef = 600B7214287F328F000FA7E7 /* MapView.swift */; };
		60450DA4287F3C2A00C1D4B1 /* landmarkData.json in Resources */ = {isa = PBXBuildFile; fileRef = 60450DA3287F3C2A00C1D4B1 /* landmarkData.json */; };
		60450DA6287F3C5100C1D4B1 /* Landmark.swift in Sources */ = {isa = PBXBuildFile; fileRef = 60450DA5287F3C5100C1D4B1 /* Landmark.swift */; };
		60450DA8287F3DDE00C1D4B1 /* ModelData.swift in Sources */ = {isa = PBXBuildFile; fileRef = 60450DA7287F3DDE00C1D4B1 /* ModelData.swift */; };
		60450DAD287F426C00C1D4B1 /* LandmarkRow.swift in Sources */ = {isa = PBXBuildFile; fileRef = 60450DAC287F426C00C1D4B1 /* LandmarkRow.swift */; };
		60450DAF287F45C400C1D4B1 /* LandmarkList.swift in Sources */ = {isa = PBXBuildFile; fileRef = 60450DAE287F45C400C1D4B1 /* LandmarkList.swift */; };
		60450DB1287F4A9D00C1D4B1 /* LandmarkDetail.swift in Sources */ = {isa = PBXBuildFile; fileRef = 60450DB0287F4A9D00C1D4B1 /* LandmarkDetail.swift */; };
		60450DB3287F5ED600C1D4B1 /* FavoriteButton.swift in Sources */ = {isa = PBXBuildFile; fileRef = 60450DB2287F5ED600C1D4B1 /* FavoriteButton.swift */; };
		605E84A52880A0FA004BBA20 /* HexagonParameters.swift in Sources */ = {isa = PBXBuildFile; fileRef = 605E84A42880A0FA004BBA20 /* HexagonParameters.swift */; };
		605E84A72880A442004BBA20 /* BadgeBackground.swift in Sources */ = {isa = PBXBuildFile; fileRef = 605E84A62880A442004BBA20 /* BadgeBackground.swift */; };
		605E84A92880AA38004BBA20 /* BadgeSymbol.swift in Sources */ = {isa = PBXBuildFile; fileRef = 605E84A82880AA38004BBA20 /* BadgeSymbol.swift */; };
		605E84AB2880AB23004BBA20 /* RotatedBadgeSymbol.swift in Sources */ = {isa = PBXBuildFile; fileRef = 605E84AA2880AB23004BBA20 /* RotatedBadgeSymbol.swift */; };
		605E84AD2880ABA5004BBA20 /* Badge.swift in Sources */ = {isa = PBXBuildFile; fileRef = 605E84AC2880ABA5004BBA20 /* Badge.swift */; };
/* End PBXBuildFile section */

/* Begin PBXFileReference section */
		600B7201287F2B02000FA7E7 /* Landmarks.app */ = {isa = PBXFileReference; explicitFileType = wrapper.application; includeInIndex = 0; path = Landmarks.app; sourceTree = BUILT_PRODUCTS_DIR; };
		600B7204287F2B02000FA7E7 /* LandmarksApp.swift */ = {isa = PBXFileReference; lastKnownFileType = sourcecode.swift; path = LandmarksApp.swift; sourceTree = "<group>"; };
		600B7206287F2B02000FA7E7 /* ContentView.swift */ = {isa = PBXFileReference; lastKnownFileType = sourcecode.swift; path = ContentView.swift; sourceTree = "<group>"; };
		600B7208287F2B03000FA7E7 /* Assets.xcassets */ = {isa = PBXFileReference; lastKnownFileType = folder.assetcatalog; path = Assets.xcassets; sourceTree = "<group>"; };
		600B720B287F2B03000FA7E7 /* Preview Assets.xcassets */ = {isa = PBXFileReference; lastKnownFileType = folder.assetcatalog; path = "Preview Assets.xcassets"; sourceTree = "<group>"; };
		600B7212287F317D000FA7E7 /* CircleImage.swift */ = {isa = PBXFileReference; lastKnownFileType = sourcecode.swift; path = CircleImage.swift; sourceTree = "<group>"; };
		600B7214287F328F000FA7E7 /* MapView.swift */ = {isa = PBXFileReference; lastKnownFileType = sourcecode.swift; path = MapView.swift; sourceTree = "<group>"; };
		60450DA3287F3C2A00C1D4B1 /* landmarkData.json */ = {isa = PBXFileReference; fileEncoding = 4; lastKnownFileType = text.json; path = landmarkData.json; sourceTree = "<group>"; };
		60450DA5287F3C5100C1D4B1 /* Landmark.swift */ = {isa = PBXFileReference; lastKnownFileType = sourcecode.swift; path = Landmark.swift; sourceTree = "<group>"; };
		60450DA7287F3DDE00C1D4B1 /* ModelData.swift */ = {isa = PBXFileReference; lastKnownFileType = sourcecode.swift; path = ModelData.swift; sourceTree = "<group>"; };
		60450DAC287F426C00C1D4B1 /* LandmarkRow.swift */ = {isa = PBXFileReference; lastKnownFileType = sourcecode.swift; path = LandmarkRow.swift; sourceTree = "<group>"; };
		60450DAE287F45C400C1D4B1 /* LandmarkList.swift */ = {isa = PBXFileReference; lastKnownFileType = sourcecode.swift; path = LandmarkList.swift; sourceTree = "<group>"; };
		60450DB0287F4A9D00C1D4B1 /* LandmarkDetail.swift */ = {isa = PBXFileReference; lastKnownFileType = sourcecode.swift; path = LandmarkDetail.swift; sourceTree = "<group>"; };
		60450DB2287F5ED600C1D4B1 /* FavoriteButton.swift */ = {isa = PBXFileReference; lastKnownFileType = sourcecode.swift; path = FavoriteButton.swift; sourceTree = "<group>"; };
		605E84A42880A0FA004BBA20 /* HexagonParameters.swift */ = {isa = PBXFileReference; lastKnownFileType = sourcecode.swift; path = HexagonParameters.swift; sourceTree = "<group>"; };
		605E84A62880A442004BBA20 /* BadgeBackground.swift */ = {isa = PBXFileReference; lastKnownFileType = sourcecode.swift; path = BadgeBackground.swift; sourceTree = "<group>"; };
		605E84A82880AA38004BBA20 /* BadgeSymbol.swift */ = {isa = PBXFileReference; lastKnownFileType = sourcecode.swift; path = BadgeSymbol.swift; sourceTree = "<group>"; };
		605E84AA2880AB23004BBA20 /* RotatedBadgeSymbol.swift */ = {isa = PBXFileReference; lastKnownFileType = sourcecode.swift; path = RotatedBadgeSymbol.swift; sourceTree = "<group>"; };
		605E84AC2880ABA5004BBA20 /* Badge.swift */ = {isa = PBXFileReference; lastKnownFileType = sourcecode.swift; path = Badge.swift; sourceTree = "<group>"; };
/* End PBXFileReference section */

/* Begin PBXFrameworksBuildPhase section */
		600B71FE287F2B02000FA7E7 /* Frameworks */ = {
			isa = PBXFrameworksBuildPhase;
			buildActionMask = 2147483647;
			files = (
			);
			runOnlyForDeploymentPostprocessing = 0;
		};
/* End PBXFrameworksBuildPhase section */

/* Begin PBXGroup section */
		600B71F8287F2B01000FA7E7 = {
			isa = PBXGroup;
			children = (
				600B7203287F2B02000FA7E7 /* Landmarks */,
				600B7202287F2B02000FA7E7 /* Products */,
			);
			sourceTree = "<group>";
		};
		600B7202287F2B02000FA7E7 /* Products */ = {
			isa = PBXGroup;
			children = (
				600B7201287F2B02000FA7E7 /* Landmarks.app */,
			);
			name = Products;
			sourceTree = "<group>";
		};
		600B7203287F2B02000FA7E7 /* Landmarks */ = {
			isa = PBXGroup;
			children = (
				600B7204287F2B02000FA7E7 /* LandmarksApp.swift */,
				60450DA9287F418700C1D4B1 /* Views */,
				60450DAB287F41B000C1D4B1 /* Model */,
				60450DAA287F419E00C1D4B1 /* Resources */,
				600B7208287F2B03000FA7E7 /* Assets.xcassets */,
				600B720A287F2B03000FA7E7 /* Preview Content */,
			);
			path = Landmarks;
			sourceTree = "<group>";
		};
		600B720A287F2B03000FA7E7 /* Preview Content */ = {
			isa = PBXGroup;
			children = (
				600B720B287F2B03000FA7E7 /* Preview Assets.xcassets */,
			);
			path = "Preview Content";
			sourceTree = "<group>";
		};
		60450DA9287F418700C1D4B1 /* Views */ = {
			isa = PBXGroup;
			children = (
				600B7206287F2B02000FA7E7 /* ContentView.swift */,
				60450DB5287F603A00C1D4B1 /* Helpers */,
				60450DB4287F602700C1D4B1 /* Landmarks */,
				605E84AE2880AD65004BBA20 /* Badges */,
			);
			path = Views;
			sourceTree = "<group>";
		};
		60450DAA287F419E00C1D4B1 /* Resources */ = {
			isa = PBXGroup;
			children = (
				60450DA3287F3C2A00C1D4B1 /* landmarkData.json */,
			);
			path = Resources;
			sourceTree = "<group>";
		};
		60450DAB287F41B000C1D4B1 /* Model */ = {
			isa = PBXGroup;
			children = (
				60450DA5287F3C5100C1D4B1 /* Landmark.swift */,
				60450DA7287F3DDE00C1D4B1 /* ModelData.swift */,
			);
			path = Model;
			sourceTree = "<group>";
		};
		60450DB4287F602700C1D4B1 /* Landmarks */ = {
			isa = PBXGroup;
			children = (
				60450DAC287F426C00C1D4B1 /* LandmarkRow.swift */,
				60450DAE287F45C400C1D4B1 /* LandmarkList.swift */,
				60450DB0287F4A9D00C1D4B1 /* LandmarkDetail.swift */,
			);
			path = Landmarks;
			sourceTree = "<group>";
		};
		60450DB5287F603A00C1D4B1 /* Helpers */ = {
			isa = PBXGroup;
			children = (
				60450DB2287F5ED600C1D4B1 /* FavoriteButton.swift */,
				600B7212287F317D000FA7E7 /* CircleImage.swift */,
				600B7214287F328F000FA7E7 /* MapView.swift */,
			);
			path = Helpers;
			sourceTree = "<group>";
		};
		605E84AE2880AD65004BBA20 /* Badges */ = {
			isa = PBXGroup;
			children = (
				605E84A42880A0FA004BBA20 /* HexagonParameters.swift */,
				605E84A62880A442004BBA20 /* BadgeBackground.swift */,
				605E84A82880AA38004BBA20 /* BadgeSymbol.swift */,
				605E84AA2880AB23004BBA20 /* RotatedBadgeSymbol.swift */,
				605E84AC2880ABA5004BBA20 /* Badge.swift */,
			);
			path = Badges;
			sourceTree = "<group>";
		};
/* End PBXGroup section */

/* Begin PBXNativeTarget section */
		600B7200287F2B02000FA7E7 /* Landmarks */ = {
			isa = PBXNativeTarget;
			buildConfigurationList = 600B720F287F2B03000FA7E7 /* Build configuration list for PBXNativeTarget "Landmarks" */;
			buildPhases = (
				600B71FD287F2B02000FA7E7 /* Sources */,
				600B71FE287F2B02000FA7E7 /* Frameworks */,
				600B71FF287F2B02000FA7E7 /* Resources */,
			);
			buildRules = (
			);
			dependencies = (
			);
			name = Landmarks;
			productName = Landmarks;
			productReference = 600B7201287F2B02000FA7E7 /* Landmarks.app */;
			productType = "com.apple.product-type.application";
		};
/* End PBXNativeTarget section */

/* Begin PBXProject section */
		600B71F9287F2B01000FA7E7 /* Project object */ = {
			isa = PBXProject;
			attributes = {
				BuildIndependentTargetsInParallel = 1;
				LastSwiftUpdateCheck = 1340;
				LastUpgradeCheck = 1340;
				TargetAttributes = {
					600B7200287F2B02000FA7E7 = {
						CreatedOnToolsVersion = 13.4.1;
					};
				};
			};
			buildConfigurationList = 600B71FC287F2B01000FA7E7 /* Build configuration list for PBXProject "Landmarks" */;
			compatibilityVersion = "Xcode 13.0";
			developmentRegion = en;
			hasScannedForEncodings = 0;
			knownRegions = (
				en,
				Base,
			);
			mainGroup = 600B71F8287F2B01000FA7E7;
			productRefGroup = 600B7202287F2B02000FA7E7 /* Products */;
			projectDirPath = "";
			projectRoot = "";
			targets = (
				600B7200287F2B02000FA7E7 /* Landmarks */,
			);
		};
/* End PBXProject section */

/* Begin PBXResourcesBuildPhase section */
		600B71FF287F2B02000FA7E7 /* Resources */ = {
			isa = PBXResourcesBuildPhase;
			buildActionMask = 2147483647;
			files = (
				600B720C287F2B03000FA7E7 /* Preview Assets.xcassets in Resources */,
				600B7209287F2B03000FA7E7 /* Assets.xcassets in Resources */,
				60450DA4287F3C2A00C1D4B1 /* landmarkData.json in Resources */,
			);
			runOnlyForDeploymentPostprocessing = 0;
		};
/* End PBXResourcesBuildPhase section */

/* Begin PBXSourcesBuildPhase section */
		600B71FD287F2B02000FA7E7 /* Sources */ = {
			isa = PBXSourcesBuildPhase;
			buildActionMask = 2147483647;
			files = (
				600B7207287F2B02000FA7E7 /* ContentView.swift in Sources */,
				605E84AD2880ABA5004BBA20 /* Badge.swift in Sources */,
				600B7215287F328F000FA7E7 /* MapView.swift in Sources */,
				600B7205287F2B02000FA7E7 /* LandmarksApp.swift in Sources */,
				60450DB3287F5ED600C1D4B1 /* FavoriteButton.swift in Sources */,
				605E84A52880A0FA004BBA20 /* HexagonParameters.swift in Sources */,
				605E84AB2880AB23004BBA20 /* RotatedBadgeSymbol.swift in Sources */,
				605E84A92880AA38004BBA20 /* BadgeSymbol.swift in Sources */,
				60450DAF287F45C400C1D4B1 /* LandmarkList.swift in Sources */,
				600B7213287F317D000FA7E7 /* CircleImage.swift in Sources */,
				605E84A72880A442004BBA20 /* BadgeBackground.swift in Sources */,
				60450DB1287F4A9D00C1D4B1 /* LandmarkDetail.swift in Sources */,
				60450DA6287F3C5100C1D4B1 /* Landmark.swift in Sources */,
				60450DAD287F426C00C1D4B1 /* LandmarkRow.swift in Sources */,
				60450DA8287F3DDE00C1D4B1 /* ModelData.swift in Sources */,
			);
			runOnlyForDeploymentPostprocessing = 0;
		};
/* End PBXSourcesBuildPhase section */

/* Begin XCBuildConfiguration section */
		600B720D287F2B03000FA7E7 /* Debug */ = {
			isa = XCBuildConfiguration;
			buildSettings = {
				ALWAYS_SEARCH_USER_PATHS = NO;
				CLANG_ANALYZER_NONNULL = YES;
				CLANG_ANALYZER_NUMBER_OBJECT_CONVERSION = YES_AGGRESSIVE;
				CLANG_CXX_LANGUAGE_STANDARD = "gnu++17";
				CLANG_ENABLE_MODULES = YES;
				CLANG_ENABLE_OBJC_ARC = YES;
				CLANG_ENABLE_OBJC_WEAK = YES;
				CLANG_WARN_BLOCK_CAPTURE_AUTORELEASING = YES;
				CLANG_WARN_BOOL_CONVERSION = YES;
				CLANG_WARN_COMMA = YES;
				CLANG_WARN_CONSTANT_CONVERSION = YES;
				CLANG_WARN_DEPRECATED_OBJC_IMPLEMENTATIONS = YES;
				CLANG_WARN_DIRECT_OBJC_ISA_USAGE = YES_ERROR;
				CLANG_WARN_DOCUMENTATION_COMMENTS = YES;
				CLANG_WARN_EMPTY_BODY = YES;
				CLANG_WARN_ENUM_CONVERSION = YES;
				CLANG_WARN_INFINITE_RECURSION = YES;
				CLANG_WARN_INT_CONVERSION = YES;
				CLANG_WARN_NON_LITERAL_NULL_CONVERSION = YES;
				CLANG_WARN_OBJC_IMPLICIT_RETAIN_SELF = YES;
				CLANG_WARN_OBJC_LITERAL_CONVERSION = YES;
				CLANG_WARN_OBJC_ROOT_CLASS = YES_ERROR;
				CLANG_WARN_QUOTED_INCLUDE_IN_FRAMEWORK_HEADER = YES;
				CLANG_WARN_RANGE_LOOP_ANALYSIS = YES;
				CLANG_WARN_STRICT_PROTOTYPES = YES;
				CLANG_WARN_SUSPICIOUS_MOVE = YES;
				CLANG_WARN_UNGUARDED_AVAILABILITY = YES_AGGRESSIVE;
				CLANG_WARN_UNREACHABLE_CODE = YES;
				CLANG_WARN__DUPLICATE_METHOD_MATCH = YES;
				COPY_PHASE_STRIP = NO;
				DEBUG_INFORMATION_FORMAT = dwarf;
				ENABLE_STRICT_OBJC_MSGSEND = YES;
				ENABLE_TESTABILITY = YES;
				GCC_C_LANGUAGE_STANDARD = gnu11;
				GCC_DYNAMIC_NO_PIC = NO;
				GCC_NO_COMMON_BLOCKS = YES;
				GCC_OPTIMIZATION_LEVEL = 0;
				GCC_PREPROCESSOR_DEFINITIONS = (
					"DEBUG=1",
					"$(inherited)",
				);
				GCC_WARN_64_TO_32_BIT_CONVERSION = YES;
				GCC_WARN_ABOUT_RETURN_TYPE = YES_ERROR;
				GCC_WARN_UNDECLARED_SELECTOR = YES;
				GCC_WARN_UNINITIALIZED_AUTOS = YES_AGGRESSIVE;
				GCC_WARN_UNUSED_FUNCTION = YES;
				GCC_WARN_UNUSED_VARIABLE = YES;
				IPHONEOS_DEPLOYMENT_TARGET = 15.5;
				MTL_ENABLE_DEBUG_INFO = INCLUDE_SOURCE;
				MTL_FAST_MATH = YES;
				ONLY_ACTIVE_ARCH = YES;
				SDKROOT = iphoneos;
				SWIFT_ACTIVE_COMPILATION_CONDITIONS = DEBUG;
				SWIFT_OPTIMIZATION_LEVEL = "-Onone";
			};
			name = Debug;
		};
		600B720E287F2B03000FA7E7 /* Release */ = {
			isa = XCBuildConfiguration;
			buildSettings = {
				ALWAYS_SEARCH_USER_PATHS = NO;
				CLANG_ANALYZER_NONNULL = YES;
				CLANG_ANALYZER_NUMBER_OBJECT_CONVERSION = YES_AGGRESSIVE;
				CLANG_CXX_LANGUAGE_STANDARD = "gnu++17";
				CLANG_ENABLE_MODULES = YES;
				CLANG_ENABLE_OBJC_ARC = YES;
				CLANG_ENABLE_OBJC_WEAK = YES;
				CLANG_WARN_BLOCK_CAPTURE_AUTORELEASING = YES;
				CLANG_WARN_BOOL_CONVERSION = YES;
				CLANG_WARN_COMMA = YES;
				CLANG_WARN_CONSTANT_CONVERSION = YES;
				CLANG_WARN_DEPRECATED_OBJC_IMPLEMENTATIONS = YES;
				CLANG_WARN_DIRECT_OBJC_ISA_USAGE = YES_ERROR;
				CLANG_WARN_DOCUMENTATION_COMMENTS = YES;
				CLANG_WARN_EMPTY_BODY = YES;
				CLANG_WARN_ENUM_CONVERSION = YES;
				CLANG_WARN_INFINITE_RECURSION = YES;
				CLANG_WARN_INT_CONVERSION = YES;
				CLANG_WARN_NON_LITERAL_NULL_CONVERSION = YES;
				CLANG_WARN_OBJC_IMPLICIT_RETAIN_SELF = YES;
				CLANG_WARN_OBJC_LITERAL_CONVERSION = YES;
				CLANG_WARN_OBJC_ROOT_CLASS = YES_ERROR;
				CLANG_WARN_QUOTED_INCLUDE_IN_FRAMEWORK_HEADER = YES;
				CLANG_WARN_RANGE_LOOP_ANALYSIS = YES;
				CLANG_WARN_STRICT_PROTOTYPES = YES;
				CLANG_WARN_SUSPICIOUS_MOVE = YES;
				CLANG_WARN_UNGUARDED_AVAILABILITY = YES_AGGRESSIVE;
				CLANG_WARN_UNREACHABLE_CODE = YES;
				CLANG_WARN__DUPLICATE_METHOD_MATCH = YES;
				COPY_PHASE_STRIP = NO;
				DEBUG_INFORMATION_FORMAT = "dwarf-with-dsym";
				ENABLE_NS_ASSERTIONS = NO;
				ENABLE_STRICT_OBJC_MSGSEND = YES;
				GCC_C_LANGUAGE_STANDARD = gnu11;
				GCC_NO_COMMON_BLOCKS = YES;
				GCC_WARN_64_TO_32_BIT_CONVERSION = YES;
				GCC_WARN_ABOUT_RETURN_TYPE = YES_ERROR;
				GCC_WARN_UNDECLARED_SELECTOR = YES;
				GCC_WARN_UNINITIALIZED_AUTOS = YES_AGGRESSIVE;
				GCC_WARN_UNUSED_FUNCTION = YES;
				GCC_WARN_UNUSED_VARIABLE = YES;
				IPHONEOS_DEPLOYMENT_TARGET = 15.5;
				MTL_ENABLE_DEBUG_INFO = NO;
				MTL_FAST_MATH = YES;
				SDKROOT = iphoneos;
				SWIFT_COMPILATION_MODE = wholemodule;
				SWIFT_OPTIMIZATION_LEVEL = "-O";
				VALIDATE_PRODUCT = YES;
			};
			name = Release;
		};
		600B7210287F2B03000FA7E7 /* Debug */ = {
			isa = XCBuildConfiguration;
			buildSettings = {
				ASSETCATALOG_COMPILER_APPICON_NAME = AppIcon;
				ASSETCATALOG_COMPILER_GLOBAL_ACCENT_COLOR_NAME = AccentColor;
				CODE_SIGN_STYLE = Automatic;
				CURRENT_PROJECT_VERSION = 1;
				DEVELOPMENT_ASSET_PATHS = "\"Landmarks/Preview Content\"";
				ENABLE_PREVIEWS = YES;
				GENERATE_INFOPLIST_FILE = YES;
				INFOPLIST_KEY_UIApplicationSceneManifest_Generation = YES;
				INFOPLIST_KEY_UIApplicationSupportsIndirectInputEvents = YES;
				INFOPLIST_KEY_UILaunchScreen_Generation = YES;
				INFOPLIST_KEY_UISupportedInterfaceOrientations_iPad = "UIInterfaceOrientationPortrait UIInterfaceOrientationPortraitUpsideDown UIInterfaceOrientationLandscapeLeft UIInterfaceOrientationLandscapeRight";
				INFOPLIST_KEY_UISupportedInterfaceOrientations_iPhone = "UIInterfaceOrientationPortrait UIInterfaceOrientationLandscapeLeft UIInterfaceOrientationLandscapeRight";
				LD_RUNPATH_SEARCH_PATHS = (
					"$(inherited)",
					"@executable_path/Frameworks",
				);
				MARKETING_VERSION = 1.0;
				PRODUCT_BUNDLE_IDENTIFIER = com.Giovane.Landmarks;
				PRODUCT_NAME = "$(TARGET_NAME)";
				SWIFT_EMIT_LOC_STRINGS = YES;
				SWIFT_VERSION = 5.0;
				TARGETED_DEVICE_FAMILY = "1,2";
			};
			name = Debug;
		};
		600B7211287F2B03000FA7E7 /* Release */ = {
			isa = XCBuildConfiguration;
			buildSettings = {
				ASSETCATALOG_COMPILER_APPICON_NAME = AppIcon;
				ASSETCATALOG_COMPILER_GLOBAL_ACCENT_COLOR_NAME = AccentColor;
				CODE_SIGN_STYLE = Automatic;
				CURRENT_PROJECT_VERSION = 1;
				DEVELOPMENT_ASSET_PATHS = "\"Landmarks/Preview Content\"";
				ENABLE_PREVIEWS = YES;
				GENERATE_INFOPLIST_FILE = YES;
				INFOPLIST_KEY_UIApplicationSceneManifest_Generation = YES;
				INFOPLIST_KEY_UIApplicationSupportsIndirectInputEvents = YES;
				INFOPLIST_KEY_UILaunchScreen_Generation = YES;
				INFOPLIST_KEY_UISupportedInterfaceOrientations_iPad = "UIInterfaceOrientationPortrait UIInterfaceOrientationPortraitUpsideDown UIInterfaceOrientationLandscapeLeft UIInterfaceOrientationLandscapeRight";
				INFOPLIST_KEY_UISupportedInterfaceOrientations_iPhone = "UIInterfaceOrientationPortrait UIInterfaceOrientationLandscapeLeft UIInterfaceOrientationLandscapeRight";
				LD_RUNPATH_SEARCH_PATHS = (
					"$(inherited)",
					"@executable_path/Frameworks",
				);
				MARKETING_VERSION = 1.0;
				PRODUCT_BUNDLE_IDENTIFIER = com.Giovane.Landmarks;
				PRODUCT_NAME = "$(TARGET_NAME)";
				SWIFT_EMIT_LOC_STRINGS = YES;
				SWIFT_VERSION = 5.0;
				TARGETED_DEVICE_FAMILY = "1,2";
			};
			name = Release;
		};
/* End XCBuildConfiguration section */

/* Begin XCConfigurationList section */
		600B71FC287F2B01000FA7E7 /* Build configuration list for PBXProject "Landmarks" */ = {
			isa = XCConfigurationList;
			buildConfigurations = (
				600B720D287F2B03000FA7E7 /* Debug */,
				600B720E287F2B03000FA7E7 /* Release */,
			);
			defaultConfigurationIsVisible = 0;
			defaultConfigurationName = Release;
		};
		600B720F287F2B03000FA7E7 /* Build configuration list for PBXNativeTarget "Landmarks" */ = {
			isa = XCConfigurationList;
			buildConfigurations = (
				600B7210287F2B03000FA7E7 /* Debug */,
				600B7211287F2B03000FA7E7 /* Release */,
			);
			defaultConfigurationIsVisible = 0;
			defaultConfigurationName = Release;
		};
/* End XCConfigurationList section */
	};
	rootObject = 600B71F9287F2B01000FA7E7 /* Project object */;
}
